// !$*UTF8*$!
{
	archiveVersion = 1;
	classes = {
	};
	objectVersion = 46;
	objects = {

/* Begin PBXBuildFile section */
		8E1C0B05169F4FEF000369F0 /* cameraStart.png in Resources */ = {isa = PBXBuildFile; fileRef = 8E1C0AFF169F4FEF000369F0 /* cameraStart.png */; };
		8E1C0B06169F4FEF000369F0 /* cameraStart@2x.png in Resources */ = {isa = PBXBuildFile; fileRef = 8E1C0B00169F4FEF000369F0 /* cameraStart@2x.png */; };
		8E1C0B07169F4FEF000369F0 /* startButtonBackground.png in Resources */ = {isa = PBXBuildFile; fileRef = 8E1C0B01169F4FEF000369F0 /* startButtonBackground.png */; };
		8E1C0B08169F4FEF000369F0 /* startButtonBackground@2x.png in Resources */ = {isa = PBXBuildFile; fileRef = 8E1C0B02169F4FEF000369F0 /* startButtonBackground@2x.png */; };
		8E1C0B09169F4FEF000369F0 /* cameraStop@2x.png in Resources */ = {isa = PBXBuildFile; fileRef = 8E1C0B03169F4FEF000369F0 /* cameraStop@2x.png */; };
		8E1C0B0A169F4FEF000369F0 /* cameraStop.png in Resources */ = {isa = PBXBuildFile; fileRef = 8E1C0B04169F4FEF000369F0 /* cameraStop.png */; };
		8E1CA78B1699419F00C32142 /* ImageSelectionViewController.m in Sources */ = {isa = PBXBuildFile; fileRef = 8E1CA78A1699419F00C32142 /* ImageSelectionViewController.m */; };
		8E1FD70D169D0F44007ABB40 /* FSN_categories.m in Sources */ = {isa = PBXBuildFile; fileRef = 8E1FD708169D0F44007ABB40 /* FSN_categories.m */; };
		8E1FD70E169D0F44007ABB40 /* FSNConnection.m in Sources */ = {isa = PBXBuildFile; fileRef = 8E1FD70A169D0F44007ABB40 /* FSNConnection.m */; };
		8E1FD70F169D0F44007ABB40 /* FSNData.m in Sources */ = {isa = PBXBuildFile; fileRef = 8E1FD70C169D0F44007ABB40 /* FSNData.m */; };
		8E1FD710169D1135007ABB40 /* FSN_categories.m in Sources */ = {isa = PBXBuildFile; fileRef = 8E1FD708169D0F44007ABB40 /* FSN_categories.m */; };
		8E1FD711169D113B007ABB40 /* FSNConnection.m in Sources */ = {isa = PBXBuildFile; fileRef = 8E1FD70A169D0F44007ABB40 /* FSNConnection.m */; };
		8E1FD712169D113E007ABB40 /* FSNData.m in Sources */ = {isa = PBXBuildFile; fileRef = 8E1FD70C169D0F44007ABB40 /* FSNData.m */; };
		8E24D3B616A3EEE900572818 /* hideButton.png in Resources */ = {isa = PBXBuildFile; fileRef = 8E24D3B416A3EEE900572818 /* hideButton.png */; };
		8E24D3B716A3EEE900572818 /* hideButton@2x.png in Resources */ = {isa = PBXBuildFile; fileRef = 8E24D3B516A3EEE900572818 /* hideButton@2x.png */; };
		8E2E897415E9902A002D4DA1 /* ViewController.m in Sources */ = {isa = PBXBuildFile; fileRef = 8E5EB9EE15964C3E00C4E185 /* ViewController.m */; };
		8E2E897515E9902F002D4DA1 /* ImageManager.m in Sources */ = {isa = PBXBuildFile; fileRef = 8E9AC53315DCA4940085B344 /* ImageManager.m */; };
		8E2E897F15E991EA002D4DA1 /* FilmRoll.png in Resources */ = {isa = PBXBuildFile; fileRef = 8E2E897D15E991EA002D4DA1 /* FilmRoll.png */; };
		8E2E898015E991EA002D4DA1 /* FilmRoll@2x.png in Resources */ = {isa = PBXBuildFile; fileRef = 8E2E897E15E991EA002D4DA1 /* FilmRoll@2x.png */; };
		8E3B1F6116A4DF8B004E7D24 /* KandidUtils.m in Sources */ = {isa = PBXBuildFile; fileRef = 8E3B1F6016A4DF8B004E7D24 /* KandidUtils.m */; };
		8E3F641916C2295600473343 /* libTestFlight.a in Frameworks */ = {isa = PBXBuildFile; fileRef = 8E3F641516C2295600473343 /* libTestFlight.a */; };
		8E3F641A16C2295600473343 /* README.md in Resources */ = {isa = PBXBuildFile; fileRef = 8E3F641616C2295600473343 /* README.md */; };
		8E3F641B16C2295600473343 /* release_notes.md in Resources */ = {isa = PBXBuildFile; fileRef = 8E3F641716C2295600473343 /* release_notes.md */; };
		8E3F641F16C229EE00473343 /* libz.dylib in Frameworks */ = {isa = PBXBuildFile; fileRef = 8E3F641E16C229EE00473343 /* libz.dylib */; };
		8E595F2B169E49850047C39B /* DatabaseManager.m in Sources */ = {isa = PBXBuildFile; fileRef = 8E595F2A169E49850047C39B /* DatabaseManager.m */; };
		8E595F35169E75120047C39B /* ALAssetsLibrary+CustomPhotoAlbum.m in Sources */ = {isa = PBXBuildFile; fileRef = 8E595F34169E75120047C39B /* ALAssetsLibrary+CustomPhotoAlbum.m */; };
		8E595F38169E76900047C39B /* AssetsLibrary.framework in Frameworks */ = {isa = PBXBuildFile; fileRef = 8E595F37169E76900047C39B /* AssetsLibrary.framework */; };
		8E595F39169E7AD90047C39B /* ALAssetsLibrary+CustomPhotoAlbum.m in Sources */ = {isa = PBXBuildFile; fileRef = 8E595F34169E75120047C39B /* ALAssetsLibrary+CustomPhotoAlbum.m */; };
		8E5EB9D915964C3E00C4E185 /* UIKit.framework in Frameworks */ = {isa = PBXBuildFile; fileRef = 8E5EB9D815964C3E00C4E185 /* UIKit.framework */; };
		8E5EB9DB15964C3E00C4E185 /* Foundation.framework in Frameworks */ = {isa = PBXBuildFile; fileRef = 8E5EB9DA15964C3E00C4E185 /* Foundation.framework */; };
		8E5EB9DD15964C3E00C4E185 /* CoreGraphics.framework in Frameworks */ = {isa = PBXBuildFile; fileRef = 8E5EB9DC15964C3E00C4E185 /* CoreGraphics.framework */; };
		8E5EB9E315964C3E00C4E185 /* InfoPlist.strings in Resources */ = {isa = PBXBuildFile; fileRef = 8E5EB9E115964C3E00C4E185 /* InfoPlist.strings */; };
		8E5EB9E515964C3E00C4E185 /* main.m in Sources */ = {isa = PBXBuildFile; fileRef = 8E5EB9E415964C3E00C4E185 /* main.m */; };
		8E5EB9E915964C3E00C4E185 /* AppDelegate.m in Sources */ = {isa = PBXBuildFile; fileRef = 8E5EB9E815964C3E00C4E185 /* AppDelegate.m */; };
		8E5EB9EC15964C3E00C4E185 /* MainStoryboard1.storyboard in Resources */ = {isa = PBXBuildFile; fileRef = 8E5EB9EA15964C3E00C4E185 /* MainStoryboard1.storyboard */; };
		8E5EB9EF15964C3E00C4E185 /* ViewController.m in Sources */ = {isa = PBXBuildFile; fileRef = 8E5EB9EE15964C3E00C4E185 /* ViewController.m */; };
		8E5EB9F715964C3E00C4E185 /* SenTestingKit.framework in Frameworks */ = {isa = PBXBuildFile; fileRef = 8E5EB9F615964C3E00C4E185 /* SenTestingKit.framework */; };
		8E5EB9F815964C3E00C4E185 /* UIKit.framework in Frameworks */ = {isa = PBXBuildFile; fileRef = 8E5EB9D815964C3E00C4E185 /* UIKit.framework */; };
		8E5EB9F915964C3E00C4E185 /* Foundation.framework in Frameworks */ = {isa = PBXBuildFile; fileRef = 8E5EB9DA15964C3E00C4E185 /* Foundation.framework */; };
		8E5EBA0115964C3E00C4E185 /* InfoPlist.strings in Resources */ = {isa = PBXBuildFile; fileRef = 8E5EB9FF15964C3E00C4E185 /* InfoPlist.strings */; };
		8E5EBA0415964C3E00C4E185 /* CandidTests.m in Sources */ = {isa = PBXBuildFile; fileRef = 8E5EBA0315964C3E00C4E185 /* CandidTests.m */; };
		8E5EBA0E15964CC500C4E185 /* AVFoundation.framework in Frameworks */ = {isa = PBXBuildFile; fileRef = 8E5EBA0D15964CC500C4E185 /* AVFoundation.framework */; };
		8E5EBA141596753400C4E185 /* CoreVideo.framework in Frameworks */ = {isa = PBXBuildFile; fileRef = 8E5EBA131596753400C4E185 /* CoreVideo.framework */; };
		8E5EBA161596753C00C4E185 /* CoreMedia.framework in Frameworks */ = {isa = PBXBuildFile; fileRef = 8E5EBA151596753C00C4E185 /* CoreMedia.framework */; };
		8E5EBA181596754300C4E185 /* CoreImage.framework in Frameworks */ = {isa = PBXBuildFile; fileRef = 8E5EBA171596754300C4E185 /* CoreImage.framework */; };
		8E5EBA1E1596918500C4E185 /* ImageIO.framework in Frameworks */ = {isa = PBXBuildFile; fileRef = 8E5EBA1D1596918500C4E185 /* ImageIO.framework */; };
		8E75E449169A0A16006C9AD2 /* ImageCollectionCell.m in Sources */ = {isa = PBXBuildFile; fileRef = 8E75E448169A0A16006C9AD2 /* ImageCollectionCell.m */; };
		8E75E44A169A0C4A006C9AD2 /* ImageCollectionCell.m in Sources */ = {isa = PBXBuildFile; fileRef = 8E75E448169A0A16006C9AD2 /* ImageCollectionCell.m */; };
		8E78AC09169B942500E0EDF7 /* MTStatusBarOverlay.m in Sources */ = {isa = PBXBuildFile; fileRef = 8E78AC08169B942500E0EDF7 /* MTStatusBarOverlay.m */; };
		8E78AC0B169B948700E0EDF7 /* MTStatusBarOverlay.m in Sources */ = {isa = PBXBuildFile; fileRef = 8E78AC08169B942500E0EDF7 /* MTStatusBarOverlay.m */; };
		8E8A5105168FECD400558B4D /* navBar@2x.png in Resources */ = {isa = PBXBuildFile; fileRef = 8E8A5103168FECD400558B4D /* navBar@2x.png */; };
		8E8A5106168FECD400558B4D /* navBar.png in Resources */ = {isa = PBXBuildFile; fileRef = 8E8A5104168FECD400558B4D /* navBar.png */; };
		8E8BFCF816A5115A00815331 /* leftButton@2x.png in Resources */ = {isa = PBXBuildFile; fileRef = 8E8BFCF416A5115A00815331 /* leftButton@2x.png */; };
		8E8BFCF916A5115A00815331 /* leftButton.png in Resources */ = {isa = PBXBuildFile; fileRef = 8E8BFCF516A5115A00815331 /* leftButton.png */; };
		8E8BFCFA16A5115A00815331 /* rightButton@2x.png in Resources */ = {isa = PBXBuildFile; fileRef = 8E8BFCF616A5115A00815331 /* rightButton@2x.png */; };
		8E8BFCFB16A5115A00815331 /* rightButton.png in Resources */ = {isa = PBXBuildFile; fileRef = 8E8BFCF716A5115A00815331 /* rightButton.png */; };
		8E8DB646169BCA2C00181D62 /* background@2x.png in Resources */ = {isa = PBXBuildFile; fileRef = 8E8DB644169BCA2C00181D62 /* background@2x.png */; };
		8E8DB647169BCA2C00181D62 /* background.png in Resources */ = {isa = PBXBuildFile; fileRef = 8E8DB645169BCA2C00181D62 /* background.png */; };
		8E9779E7168841D50045E60C /* flashOn@2x.png in Resources */ = {isa = PBXBuildFile; fileRef = 8E9779E3168841D50045E60C /* flashOn@2x.png */; };
		8E9779E8168841D50045E60C /* flashOff@2x.png in Resources */ = {isa = PBXBuildFile; fileRef = 8E9779E4168841D50045E60C /* flashOff@2x.png */; };
		8E9779E9168841D50045E60C /* flashOff.png in Resources */ = {isa = PBXBuildFile; fileRef = 8E9779E5168841D50045E60C /* flashOff.png */; };
		8E9779EA168841D50045E60C /* flashOn.png in Resources */ = {isa = PBXBuildFile; fileRef = 8E9779E6168841D50045E60C /* flashOn.png */; };
		8E9AC53415DCA4940085B344 /* ImageManager.m in Sources */ = {isa = PBXBuildFile; fileRef = 8E9AC53315DCA4940085B344 /* ImageManager.m */; };
		8EA87656169FBF8B0004826F /* Default.png in Resources */ = {isa = PBXBuildFile; fileRef = 8EA87655169FBF8B0004826F /* Default.png */; };
		8EA87658169FBF8E0004826F /* Default@2x.png in Resources */ = {isa = PBXBuildFile; fileRef = 8EA87657169FBF8E0004826F /* Default@2x.png */; };
		8EA8765A169FBF900004826F /* Default-568h@2x.png in Resources */ = {isa = PBXBuildFile; fileRef = 8EA87659169FBF900004826F /* Default-568h@2x.png */; };
		8EA87673169FD0730004826F /* saveButton.png in Resources */ = {isa = PBXBuildFile; fileRef = 8EA8766F169FD0730004826F /* saveButton.png */; };
		8EA87674169FD0730004826F /* saveButton@2x.png in Resources */ = {isa = PBXBuildFile; fileRef = 8EA87670169FD0730004826F /* saveButton@2x.png */; };
		8EABFEAA16A002790051C247 /* K-icon.png in Resources */ = {isa = PBXBuildFile; fileRef = 8EABFEA916A002790051C247 /* K-icon.png */; };
		8EABFEAC16A0027B0051C247 /* K-icon@2x.png in Resources */ = {isa = PBXBuildFile; fileRef = 8EABFEAB16A0027B0051C247 /* K-icon@2x.png */; };
		8ECEEEEC16C9690A009CC111 /* tutorialImage-1.png in Resources */ = {isa = PBXBuildFile; fileRef = 8ECEEEEB16C9690A009CC111 /* tutorialImage-1.png */; };
		8ECFE8EA15DB6A0D00E86971 /* ImageCell.m in Sources */ = {isa = PBXBuildFile; fileRef = 8ECFE8E915DB6A0D00E86971 /* ImageCell.m */; };
		8ECFE8EB15DB6A3400E86971 /* ImageCell.m in Sources */ = {isa = PBXBuildFile; fileRef = 8ECFE8E915DB6A0D00E86971 /* ImageCell.m */; };
		8EDBA7DF16C8C08000180E40 /* TutorialViewController.m in Sources */ = {isa = PBXBuildFile; fileRef = 8EDBA7DE16C8C08000180E40 /* TutorialViewController.m */; };
		8EF7AD6B1668725F00D08EF0 /* iPhone5Storyboard.storyboard in Resources */ = {isa = PBXBuildFile; fileRef = 8EF7AD691668725E00D08EF0 /* iPhone5Storyboard.storyboard */; };
		8EFD631316C988F5000D4B81 /* tutorialImage-0.png in Resources */ = {isa = PBXBuildFile; fileRef = 8EFD631216C988F5000D4B81 /* tutorialImage-0.png */; };
/* End PBXBuildFile section */

/* Begin PBXContainerItemProxy section */
		8E5EB9FA15964C3E00C4E185 /* PBXContainerItemProxy */ = {
			isa = PBXContainerItemProxy;
			containerPortal = 8E5EB9CB15964C3D00C4E185 /* Project object */;
			proxyType = 1;
			remoteGlobalIDString = 8E5EB9D315964C3E00C4E185;
			remoteInfo = Candid;
		};
/* End PBXContainerItemProxy section */

/* Begin PBXFileReference section */
		8E1C0AFF169F4FEF000369F0 /* cameraStart.png */ = {isa = PBXFileReference; lastKnownFileType = image.png; path = cameraStart.png; sourceTree = "<group>"; };
		8E1C0B00169F4FEF000369F0 /* cameraStart@2x.png */ = {isa = PBXFileReference; lastKnownFileType = image.png; path = "cameraStart@2x.png"; sourceTree = "<group>"; };
		8E1C0B01169F4FEF000369F0 /* startButtonBackground.png */ = {isa = PBXFileReference; lastKnownFileType = image.png; path = startButtonBackground.png; sourceTree = "<group>"; };
		8E1C0B02169F4FEF000369F0 /* startButtonBackground@2x.png */ = {isa = PBXFileReference; lastKnownFileType = image.png; path = "startButtonBackground@2x.png"; sourceTree = "<group>"; };
		8E1C0B03169F4FEF000369F0 /* cameraStop@2x.png */ = {isa = PBXFileReference; lastKnownFileType = image.png; path = "cameraStop@2x.png"; sourceTree = "<group>"; };
		8E1C0B04169F4FEF000369F0 /* cameraStop.png */ = {isa = PBXFileReference; lastKnownFileType = image.png; path = cameraStop.png; sourceTree = "<group>"; };
		8E1CA7891699419F00C32142 /* ImageSelectionViewController.h */ = {isa = PBXFileReference; fileEncoding = 4; lastKnownFileType = sourcecode.c.h; path = ImageSelectionViewController.h; sourceTree = "<group>"; };
		8E1CA78A1699419F00C32142 /* ImageSelectionViewController.m */ = {isa = PBXFileReference; fileEncoding = 4; lastKnownFileType = sourcecode.c.objc; path = ImageSelectionViewController.m; sourceTree = "<group>"; };
		8E1FD707169D0F44007ABB40 /* FSN_categories.h */ = {isa = PBXFileReference; fileEncoding = 4; lastKnownFileType = sourcecode.c.h; path = FSN_categories.h; sourceTree = "<group>"; };
		8E1FD708169D0F44007ABB40 /* FSN_categories.m */ = {isa = PBXFileReference; fileEncoding = 4; lastKnownFileType = sourcecode.c.objc; path = FSN_categories.m; sourceTree = "<group>"; };
		8E1FD709169D0F44007ABB40 /* FSNConnection.h */ = {isa = PBXFileReference; fileEncoding = 4; lastKnownFileType = sourcecode.c.h; path = FSNConnection.h; sourceTree = "<group>"; };
		8E1FD70A169D0F44007ABB40 /* FSNConnection.m */ = {isa = PBXFileReference; fileEncoding = 4; lastKnownFileType = sourcecode.c.objc; path = FSNConnection.m; sourceTree = "<group>"; };
		8E1FD70B169D0F44007ABB40 /* FSNData.h */ = {isa = PBXFileReference; fileEncoding = 4; lastKnownFileType = sourcecode.c.h; path = FSNData.h; sourceTree = "<group>"; };
		8E1FD70C169D0F44007ABB40 /* FSNData.m */ = {isa = PBXFileReference; fileEncoding = 4; lastKnownFileType = sourcecode.c.objc; path = FSNData.m; sourceTree = "<group>"; };
		8E24D3B416A3EEE900572818 /* hideButton.png */ = {isa = PBXFileReference; lastKnownFileType = image.png; path = hideButton.png; sourceTree = "<group>"; };
		8E24D3B516A3EEE900572818 /* hideButton@2x.png */ = {isa = PBXFileReference; lastKnownFileType = image.png; path = "hideButton@2x.png"; sourceTree = "<group>"; };
		8E2E897D15E991EA002D4DA1 /* FilmRoll.png */ = {isa = PBXFileReference; lastKnownFileType = image.png; path = FilmRoll.png; sourceTree = "<group>"; };
		8E2E897E15E991EA002D4DA1 /* FilmRoll@2x.png */ = {isa = PBXFileReference; lastKnownFileType = image.png; path = "FilmRoll@2x.png"; sourceTree = "<group>"; };
		8E3B1F5F16A4DF8B004E7D24 /* KandidUtils.h */ = {isa = PBXFileReference; fileEncoding = 4; lastKnownFileType = sourcecode.c.h; path = KandidUtils.h; sourceTree = "<group>"; };
		8E3B1F6016A4DF8B004E7D24 /* KandidUtils.m */ = {isa = PBXFileReference; fileEncoding = 4; lastKnownFileType = sourcecode.c.objc; path = KandidUtils.m; sourceTree = "<group>"; };
		8E3F641516C2295600473343 /* libTestFlight.a */ = {isa = PBXFileReference; lastKnownFileType = archive.ar; path = libTestFlight.a; sourceTree = "<group>"; };
		8E3F641616C2295600473343 /* README.md */ = {isa = PBXFileReference; fileEncoding = 4; lastKnownFileType = text; path = README.md; sourceTree = "<group>"; };
		8E3F641716C2295600473343 /* release_notes.md */ = {isa = PBXFileReference; fileEncoding = 4; lastKnownFileType = text; path = release_notes.md; sourceTree = "<group>"; };
		8E3F641816C2295600473343 /* TestFlight.h */ = {isa = PBXFileReference; fileEncoding = 4; lastKnownFileType = sourcecode.c.h; path = TestFlight.h; sourceTree = "<group>"; };
		8E3F641E16C229EE00473343 /* libz.dylib */ = {isa = PBXFileReference; lastKnownFileType = "compiled.mach-o.dylib"; name = libz.dylib; path = usr/lib/libz.dylib; sourceTree = SDKROOT; };
		8E595F29169E49850047C39B /* DatabaseManager.h */ = {isa = PBXFileReference; fileEncoding = 4; lastKnownFileType = sourcecode.c.h; path = DatabaseManager.h; sourceTree = "<group>"; };
		8E595F2A169E49850047C39B /* DatabaseManager.m */ = {isa = PBXFileReference; fileEncoding = 4; lastKnownFileType = sourcecode.c.objc; path = DatabaseManager.m; sourceTree = "<group>"; };
		8E595F33169E75120047C39B /* ALAssetsLibrary+CustomPhotoAlbum.h */ = {isa = PBXFileReference; fileEncoding = 4; lastKnownFileType = sourcecode.c.h; name = "ALAssetsLibrary+CustomPhotoAlbum.h"; path = "CandidTests/ALAssetsLibrary+CustomPhotoAlbum.h"; sourceTree = "<group>"; };
		8E595F34169E75120047C39B /* ALAssetsLibrary+CustomPhotoAlbum.m */ = {isa = PBXFileReference; fileEncoding = 4; lastKnownFileType = sourcecode.c.objc; name = "ALAssetsLibrary+CustomPhotoAlbum.m"; path = "CandidTests/ALAssetsLibrary+CustomPhotoAlbum.m"; sourceTree = "<group>"; };
		8E595F37169E76900047C39B /* AssetsLibrary.framework */ = {isa = PBXFileReference; lastKnownFileType = wrapper.framework; name = AssetsLibrary.framework; path = System/Library/Frameworks/AssetsLibrary.framework; sourceTree = SDKROOT; };
		8E5EB9D415964C3E00C4E185 /* Candid.app */ = {isa = PBXFileReference; explicitFileType = wrapper.application; includeInIndex = 0; path = Candid.app; sourceTree = BUILT_PRODUCTS_DIR; };
		8E5EB9D815964C3E00C4E185 /* UIKit.framework */ = {isa = PBXFileReference; lastKnownFileType = wrapper.framework; name = UIKit.framework; path = System/Library/Frameworks/UIKit.framework; sourceTree = SDKROOT; };
		8E5EB9DA15964C3E00C4E185 /* Foundation.framework */ = {isa = PBXFileReference; lastKnownFileType = wrapper.framework; name = Foundation.framework; path = System/Library/Frameworks/Foundation.framework; sourceTree = SDKROOT; };
		8E5EB9DC15964C3E00C4E185 /* CoreGraphics.framework */ = {isa = PBXFileReference; lastKnownFileType = wrapper.framework; name = CoreGraphics.framework; path = System/Library/Frameworks/CoreGraphics.framework; sourceTree = SDKROOT; };
		8E5EB9E015964C3E00C4E185 /* Candid-Info.plist */ = {isa = PBXFileReference; lastKnownFileType = text.plist.xml; path = "Candid-Info.plist"; sourceTree = "<group>"; };
		8E5EB9E215964C3E00C4E185 /* en */ = {isa = PBXFileReference; lastKnownFileType = text.plist.strings; name = en; path = en.lproj/InfoPlist.strings; sourceTree = "<group>"; };
		8E5EB9E415964C3E00C4E185 /* main.m */ = {isa = PBXFileReference; lastKnownFileType = sourcecode.c.objc; path = main.m; sourceTree = "<group>"; };
		8E5EB9E615964C3E00C4E185 /* Candid-Prefix.pch */ = {isa = PBXFileReference; lastKnownFileType = sourcecode.c.h; path = "Candid-Prefix.pch"; sourceTree = "<group>"; };
		8E5EB9E715964C3E00C4E185 /* AppDelegate.h */ = {isa = PBXFileReference; lastKnownFileType = sourcecode.c.h; path = AppDelegate.h; sourceTree = "<group>"; };
		8E5EB9E815964C3E00C4E185 /* AppDelegate.m */ = {isa = PBXFileReference; lastKnownFileType = sourcecode.c.objc; path = AppDelegate.m; sourceTree = "<group>"; };
		8E5EB9EB15964C3E00C4E185 /* en */ = {isa = PBXFileReference; lastKnownFileType = file.storyboard; name = en; path = en.lproj/MainStoryboard1.storyboard; sourceTree = "<group>"; };
		8E5EB9ED15964C3E00C4E185 /* ViewController.h */ = {isa = PBXFileReference; lastKnownFileType = sourcecode.c.h; path = ViewController.h; sourceTree = "<group>"; };
		8E5EB9EE15964C3E00C4E185 /* ViewController.m */ = {isa = PBXFileReference; lastKnownFileType = sourcecode.c.objc; path = ViewController.m; sourceTree = "<group>"; };
		8E5EB9F515964C3E00C4E185 /* CandidTests.octest */ = {isa = PBXFileReference; explicitFileType = wrapper.cfbundle; includeInIndex = 0; path = CandidTests.octest; sourceTree = BUILT_PRODUCTS_DIR; };
		8E5EB9F615964C3E00C4E185 /* SenTestingKit.framework */ = {isa = PBXFileReference; lastKnownFileType = wrapper.framework; name = SenTestingKit.framework; path = Library/Frameworks/SenTestingKit.framework; sourceTree = DEVELOPER_DIR; };
		8E5EB9FE15964C3E00C4E185 /* CandidTests-Info.plist */ = {isa = PBXFileReference; lastKnownFileType = text.plist.xml; path = "CandidTests-Info.plist"; sourceTree = "<group>"; };
		8E5EBA0015964C3E00C4E185 /* en */ = {isa = PBXFileReference; lastKnownFileType = text.plist.strings; name = en; path = en.lproj/InfoPlist.strings; sourceTree = "<group>"; };
		8E5EBA0215964C3E00C4E185 /* CandidTests.h */ = {isa = PBXFileReference; lastKnownFileType = sourcecode.c.h; path = CandidTests.h; sourceTree = "<group>"; };
		8E5EBA0315964C3E00C4E185 /* CandidTests.m */ = {isa = PBXFileReference; lastKnownFileType = sourcecode.c.objc; path = CandidTests.m; sourceTree = "<group>"; };
		8E5EBA0D15964CC500C4E185 /* AVFoundation.framework */ = {isa = PBXFileReference; lastKnownFileType = wrapper.framework; name = AVFoundation.framework; path = System/Library/Frameworks/AVFoundation.framework; sourceTree = SDKROOT; };
		8E5EBA131596753400C4E185 /* CoreVideo.framework */ = {isa = PBXFileReference; lastKnownFileType = wrapper.framework; name = CoreVideo.framework; path = System/Library/Frameworks/CoreVideo.framework; sourceTree = SDKROOT; };
		8E5EBA151596753C00C4E185 /* CoreMedia.framework */ = {isa = PBXFileReference; lastKnownFileType = wrapper.framework; name = CoreMedia.framework; path = System/Library/Frameworks/CoreMedia.framework; sourceTree = SDKROOT; };
		8E5EBA171596754300C4E185 /* CoreImage.framework */ = {isa = PBXFileReference; lastKnownFileType = wrapper.framework; name = CoreImage.framework; path = System/Library/Frameworks/CoreImage.framework; sourceTree = SDKROOT; };
		8E5EBA1D1596918500C4E185 /* ImageIO.framework */ = {isa = PBXFileReference; lastKnownFileType = wrapper.framework; name = ImageIO.framework; path = System/Library/Frameworks/ImageIO.framework; sourceTree = SDKROOT; };
		8E75E447169A0A15006C9AD2 /* ImageCollectionCell.h */ = {isa = PBXFileReference; fileEncoding = 4; lastKnownFileType = sourcecode.c.h; path = ImageCollectionCell.h; sourceTree = "<group>"; };
		8E75E448169A0A16006C9AD2 /* ImageCollectionCell.m */ = {isa = PBXFileReference; fileEncoding = 4; lastKnownFileType = sourcecode.c.objc; path = ImageCollectionCell.m; sourceTree = "<group>"; };
		8E78AC07169B942500E0EDF7 /* MTStatusBarOverlay.h */ = {isa = PBXFileReference; fileEncoding = 4; lastKnownFileType = sourcecode.c.h; path = MTStatusBarOverlay.h; sourceTree = "<group>"; };
		8E78AC08169B942500E0EDF7 /* MTStatusBarOverlay.m */ = {isa = PBXFileReference; fileEncoding = 4; lastKnownFileType = sourcecode.c.objc; path = MTStatusBarOverlay.m; sourceTree = "<group>"; };
		8E8A5103168FECD400558B4D /* navBar@2x.png */ = {isa = PBXFileReference; lastKnownFileType = image.png; path = "navBar@2x.png"; sourceTree = "<group>"; };
		8E8A5104168FECD400558B4D /* navBar.png */ = {isa = PBXFileReference; lastKnownFileType = image.png; path = navBar.png; sourceTree = "<group>"; };
		8E8BFCF416A5115A00815331 /* leftButton@2x.png */ = {isa = PBXFileReference; lastKnownFileType = image.png; path = "leftButton@2x.png"; sourceTree = "<group>"; };
		8E8BFCF516A5115A00815331 /* leftButton.png */ = {isa = PBXFileReference; lastKnownFileType = image.png; path = leftButton.png; sourceTree = "<group>"; };
		8E8BFCF616A5115A00815331 /* rightButton@2x.png */ = {isa = PBXFileReference; lastKnownFileType = image.png; path = "rightButton@2x.png"; sourceTree = "<group>"; };
		8E8BFCF716A5115A00815331 /* rightButton.png */ = {isa = PBXFileReference; lastKnownFileType = image.png; path = rightButton.png; sourceTree = "<group>"; };
		8E8DB644169BCA2C00181D62 /* background@2x.png */ = {isa = PBXFileReference; lastKnownFileType = image.png; path = "background@2x.png"; sourceTree = "<group>"; };
		8E8DB645169BCA2C00181D62 /* background.png */ = {isa = PBXFileReference; lastKnownFileType = image.png; path = background.png; sourceTree = "<group>"; };
		8E9779E3168841D50045E60C /* flashOn@2x.png */ = {isa = PBXFileReference; lastKnownFileType = image.png; path = "flashOn@2x.png"; sourceTree = "<group>"; };
		8E9779E4168841D50045E60C /* flashOff@2x.png */ = {isa = PBXFileReference; lastKnownFileType = image.png; path = "flashOff@2x.png"; sourceTree = "<group>"; };
		8E9779E5168841D50045E60C /* flashOff.png */ = {isa = PBXFileReference; lastKnownFileType = image.png; path = flashOff.png; sourceTree = "<group>"; };
		8E9779E6168841D50045E60C /* flashOn.png */ = {isa = PBXFileReference; lastKnownFileType = image.png; path = flashOn.png; sourceTree = "<group>"; };
		8E9AC53215DCA4940085B344 /* ImageManager.h */ = {isa = PBXFileReference; fileEncoding = 4; lastKnownFileType = sourcecode.c.h; path = ImageManager.h; sourceTree = "<group>"; };
		8E9AC53315DCA4940085B344 /* ImageManager.m */ = {isa = PBXFileReference; fileEncoding = 4; lastKnownFileType = sourcecode.c.objc; path = ImageManager.m; sourceTree = "<group>"; };
		8EA87655169FBF8B0004826F /* Default.png */ = {isa = PBXFileReference; lastKnownFileType = image.png; path = Default.png; sourceTree = "<group>"; };
		8EA87657169FBF8E0004826F /* Default@2x.png */ = {isa = PBXFileReference; lastKnownFileType = image.png; path = "Default@2x.png"; sourceTree = "<group>"; };
		8EA87659169FBF900004826F /* Default-568h@2x.png */ = {isa = PBXFileReference; lastKnownFileType = image.png; path = "Default-568h@2x.png"; sourceTree = "<group>"; };
		8EA8766F169FD0730004826F /* saveButton.png */ = {isa = PBXFileReference; lastKnownFileType = image.png; path = saveButton.png; sourceTree = "<group>"; };
		8EA87670169FD0730004826F /* saveButton@2x.png */ = {isa = PBXFileReference; lastKnownFileType = image.png; path = "saveButton@2x.png"; sourceTree = "<group>"; };
		8EABFEA916A002790051C247 /* K-icon.png */ = {isa = PBXFileReference; lastKnownFileType = image.png; path = "K-icon.png"; sourceTree = "<group>"; };
		8EABFEAB16A0027B0051C247 /* K-icon@2x.png */ = {isa = PBXFileReference; lastKnownFileType = image.png; path = "K-icon@2x.png"; sourceTree = "<group>"; };
		8ECEEEEB16C9690A009CC111 /* tutorialImage-1.png */ = {isa = PBXFileReference; lastKnownFileType = image.png; path = "tutorialImage-1.png"; sourceTree = "<group>"; };
		8ECFE8E815DB6A0D00E86971 /* ImageCell.h */ = {isa = PBXFileReference; fileEncoding = 4; lastKnownFileType = sourcecode.c.h; path = ImageCell.h; sourceTree = "<group>"; };
		8ECFE8E915DB6A0D00E86971 /* ImageCell.m */ = {isa = PBXFileReference; fileEncoding = 4; lastKnownFileType = sourcecode.c.objc; path = ImageCell.m; sourceTree = "<group>"; };
		8EDBA7DD16C8C08000180E40 /* TutorialViewController.h */ = {isa = PBXFileReference; fileEncoding = 4; lastKnownFileType = sourcecode.c.h; path = TutorialViewController.h; sourceTree = "<group>"; };
		8EDBA7DE16C8C08000180E40 /* TutorialViewController.m */ = {isa = PBXFileReference; fileEncoding = 4; lastKnownFileType = sourcecode.c.objc; path = TutorialViewController.m; sourceTree = "<group>"; wrapsLines = 1; };
		8EF7AD6A1668725E00D08EF0 /* en */ = {isa = PBXFileReference; lastKnownFileType = file.storyboard; name = en; path = en.lproj/iPhone5Storyboard.storyboard; sourceTree = "<group>"; };
		8EFD631216C988F5000D4B81 /* tutorialImage-0.png */ = {isa = PBXFileReference; lastKnownFileType = image.png; path = "tutorialImage-0.png"; sourceTree = "<group>"; };
/* End PBXFileReference section */

/* Begin PBXFrameworksBuildPhase section */
		8E5EB9D115964C3E00C4E185 /* Frameworks */ = {
			isa = PBXFrameworksBuildPhase;
			buildActionMask = 2147483647;
			files = (
				8E3F641F16C229EE00473343 /* libz.dylib in Frameworks */,
				8E595F38169E76900047C39B /* AssetsLibrary.framework in Frameworks */,
				8E5EBA1E1596918500C4E185 /* ImageIO.framework in Frameworks */,
				8E5EBA181596754300C4E185 /* CoreImage.framework in Frameworks */,
				8E5EBA161596753C00C4E185 /* CoreMedia.framework in Frameworks */,
				8E5EBA141596753400C4E185 /* CoreVideo.framework in Frameworks */,
				8E5EBA0E15964CC500C4E185 /* AVFoundation.framework in Frameworks */,
				8E5EB9D915964C3E00C4E185 /* UIKit.framework in Frameworks */,
				8E5EB9DB15964C3E00C4E185 /* Foundation.framework in Frameworks */,
				8E5EB9DD15964C3E00C4E185 /* CoreGraphics.framework in Frameworks */,
				8E3F641916C2295600473343 /* libTestFlight.a in Frameworks */,
			);
			runOnlyForDeploymentPostprocessing = 0;
		};
		8E5EB9F115964C3E00C4E185 /* Frameworks */ = {
			isa = PBXFrameworksBuildPhase;
			buildActionMask = 2147483647;
			files = (
				8E5EB9F715964C3E00C4E185 /* SenTestingKit.framework in Frameworks */,
				8E5EB9F815964C3E00C4E185 /* UIKit.framework in Frameworks */,
				8E5EB9F915964C3E00C4E185 /* Foundation.framework in Frameworks */,
			);
			runOnlyForDeploymentPostprocessing = 0;
		};
/* End PBXFrameworksBuildPhase section */

/* Begin PBXGroup section */
		8E3F641416C2295600473343 /* TestFlightSDK1 */ = {
			isa = PBXGroup;
			children = (
				8E3F641516C2295600473343 /* libTestFlight.a */,
				8E3F641616C2295600473343 /* README.md */,
				8E3F641716C2295600473343 /* release_notes.md */,
				8E3F641816C2295600473343 /* TestFlight.h */,
			);
			name = TestFlightSDK1;
			path = Candid/TestFlightSDK1;
			sourceTree = "<group>";
		};
		8E5EB9C915964C3D00C4E185 = {
			isa = PBXGroup;
			children = (
				8E3F641E16C229EE00473343 /* libz.dylib */,
				8EABFEAB16A0027B0051C247 /* K-icon@2x.png */,
				8EABFEA916A002790051C247 /* K-icon.png */,
				8EA87659169FBF900004826F /* Default-568h@2x.png */,
				8EA87657169FBF8E0004826F /* Default@2x.png */,
				8EA87655169FBF8B0004826F /* Default.png */,
				8E78AC0A169B942E00E0EDF7 /* External Projects */,
				8E916BFF15DF2353004C65AB /* UI */,
				8E5EB9DE15964C3E00C4E185 /* Candid */,
				8E5EB9FC15964C3E00C4E185 /* CandidTests */,
				8E5EB9D715964C3E00C4E185 /* Frameworks */,
				8E5EB9D515964C3E00C4E185 /* Products */,
			);
			sourceTree = "<group>";
		};
		8E5EB9D515964C3E00C4E185 /* Products */ = {
			isa = PBXGroup;
			children = (
				8E5EB9D415964C3E00C4E185 /* Candid.app */,
				8E5EB9F515964C3E00C4E185 /* CandidTests.octest */,
			);
			name = Products;
			sourceTree = "<group>";
		};
		8E5EB9D715964C3E00C4E185 /* Frameworks */ = {
			isa = PBXGroup;
			children = (
				8E595F37169E76900047C39B /* AssetsLibrary.framework */,
				8E5EBA1D1596918500C4E185 /* ImageIO.framework */,
				8E5EBA171596754300C4E185 /* CoreImage.framework */,
				8E5EBA151596753C00C4E185 /* CoreMedia.framework */,
				8E5EBA131596753400C4E185 /* CoreVideo.framework */,
				8E5EBA0D15964CC500C4E185 /* AVFoundation.framework */,
				8E5EB9D815964C3E00C4E185 /* UIKit.framework */,
				8E5EB9DA15964C3E00C4E185 /* Foundation.framework */,
				8E5EB9DC15964C3E00C4E185 /* CoreGraphics.framework */,
				8E5EB9F615964C3E00C4E185 /* SenTestingKit.framework */,
			);
			name = Frameworks;
			sourceTree = "<group>";
		};
		8E5EB9DE15964C3E00C4E185 /* Candid */ = {
			isa = PBXGroup;
			children = (
				8E5EB9E715964C3E00C4E185 /* AppDelegate.h */,
				8E5EB9E815964C3E00C4E185 /* AppDelegate.m */,
				8E5EB9EA15964C3E00C4E185 /* MainStoryboard1.storyboard */,
				8EF7AD691668725E00D08EF0 /* iPhone5Storyboard.storyboard */,
				8E5EB9ED15964C3E00C4E185 /* ViewController.h */,
				8E5EB9EE15964C3E00C4E185 /* ViewController.m */,
				8EDBA7DD16C8C08000180E40 /* TutorialViewController.h */,
				8EDBA7DE16C8C08000180E40 /* TutorialViewController.m */,
				8E3B1F5F16A4DF8B004E7D24 /* KandidUtils.h */,
				8E3B1F6016A4DF8B004E7D24 /* KandidUtils.m */,
				8E595F29169E49850047C39B /* DatabaseManager.h */,
				8E595F2A169E49850047C39B /* DatabaseManager.m */,
				8E1CA7891699419F00C32142 /* ImageSelectionViewController.h */,
				8E1CA78A1699419F00C32142 /* ImageSelectionViewController.m */,
				8E9AC53215DCA4940085B344 /* ImageManager.h */,
				8E9AC53315DCA4940085B344 /* ImageManager.m */,
				8E75E447169A0A15006C9AD2 /* ImageCollectionCell.h */,
				8E75E448169A0A16006C9AD2 /* ImageCollectionCell.m */,
				8ECFE8E815DB6A0D00E86971 /* ImageCell.h */,
				8ECFE8E915DB6A0D00E86971 /* ImageCell.m */,
				8E5EB9DF15964C3E00C4E185 /* Supporting Files */,
			);
			path = Candid;
			sourceTree = "<group>";
		};
		8E5EB9DF15964C3E00C4E185 /* Supporting Files */ = {
			isa = PBXGroup;
			children = (
				8E5EB9E015964C3E00C4E185 /* Candid-Info.plist */,
				8E5EB9E115964C3E00C4E185 /* InfoPlist.strings */,
				8E5EB9E415964C3E00C4E185 /* main.m */,
				8E5EB9E615964C3E00C4E185 /* Candid-Prefix.pch */,
			);
			name = "Supporting Files";
			sourceTree = "<group>";
		};
		8E5EB9FC15964C3E00C4E185 /* CandidTests */ = {
			isa = PBXGroup;
			children = (
				8E5EBA0215964C3E00C4E185 /* CandidTests.h */,
				8E5EBA0315964C3E00C4E185 /* CandidTests.m */,
				8E5EB9FD15964C3E00C4E185 /* Supporting Files */,
			);
			path = CandidTests;
			sourceTree = "<group>";
		};
		8E5EB9FD15964C3E00C4E185 /* Supporting Files */ = {
			isa = PBXGroup;
			children = (
				8E5EB9FE15964C3E00C4E185 /* CandidTests-Info.plist */,
				8E5EB9FF15964C3E00C4E185 /* InfoPlist.strings */,
			);
			name = "Supporting Files";
			sourceTree = "<group>";
		};
		8E78AC0A169B942E00E0EDF7 /* External Projects */ = {
			isa = PBXGroup;
			children = (
				8E3F641416C2295600473343 /* TestFlightSDK1 */,
				8E78AC07169B942500E0EDF7 /* MTStatusBarOverlay.h */,
				8E78AC08169B942500E0EDF7 /* MTStatusBarOverlay.m */,
				8E1FD707169D0F44007ABB40 /* FSN_categories.h */,
				8E1FD708169D0F44007ABB40 /* FSN_categories.m */,
				8E1FD709169D0F44007ABB40 /* FSNConnection.h */,
				8E1FD70A169D0F44007ABB40 /* FSNConnection.m */,
				8E1FD70B169D0F44007ABB40 /* FSNData.h */,
				8E1FD70C169D0F44007ABB40 /* FSNData.m */,
				8E595F33169E75120047C39B /* ALAssetsLibrary+CustomPhotoAlbum.h */,
				8E595F34169E75120047C39B /* ALAssetsLibrary+CustomPhotoAlbum.m */,
			);
			name = "External Projects";
			sourceTree = "<group>";
		};
		8E916BFF15DF2353004C65AB /* UI */ = {
			isa = PBXGroup;
			children = (
				8EFD631216C988F5000D4B81 /* tutorialImage-0.png */,
				8ECEEEEB16C9690A009CC111 /* tutorialImage-1.png */,
				8E8BFCF416A5115A00815331 /* leftButton@2x.png */,
				8E8BFCF516A5115A00815331 /* leftButton.png */,
				8E8BFCF616A5115A00815331 /* rightButton@2x.png */,
				8E8BFCF716A5115A00815331 /* rightButton.png */,
				8E24D3B416A3EEE900572818 /* hideButton.png */,
				8E24D3B516A3EEE900572818 /* hideButton@2x.png */,
				8EA8766F169FD0730004826F /* saveButton.png */,
				8EA87670169FD0730004826F /* saveButton@2x.png */,
				8E1C0AFF169F4FEF000369F0 /* cameraStart.png */,
				8E1C0B00169F4FEF000369F0 /* cameraStart@2x.png */,
				8E1C0B01169F4FEF000369F0 /* startButtonBackground.png */,
				8E1C0B02169F4FEF000369F0 /* startButtonBackground@2x.png */,
				8E1C0B03169F4FEF000369F0 /* cameraStop@2x.png */,
				8E1C0B04169F4FEF000369F0 /* cameraStop.png */,
				8E8DB644169BCA2C00181D62 /* background@2x.png */,
				8E8DB645169BCA2C00181D62 /* background.png */,
				8E8A5103168FECD400558B4D /* navBar@2x.png */,
				8E8A5104168FECD400558B4D /* navBar.png */,
				8E9779E3168841D50045E60C /* flashOn@2x.png */,
				8E9779E4168841D50045E60C /* flashOff@2x.png */,
				8E9779E5168841D50045E60C /* flashOff.png */,
				8E9779E6168841D50045E60C /* flashOn.png */,
				8E2E897D15E991EA002D4DA1 /* FilmRoll.png */,
				8E2E897E15E991EA002D4DA1 /* FilmRoll@2x.png */,
			);
			name = UI;
			sourceTree = "<group>";
		};
/* End PBXGroup section */

/* Begin PBXNativeTarget section */
		8E5EB9D315964C3E00C4E185 /* Candid */ = {
			isa = PBXNativeTarget;
			buildConfigurationList = 8E5EBA0715964C3E00C4E185 /* Build configuration list for PBXNativeTarget "Candid" */;
			buildPhases = (
				8E5EB9D015964C3E00C4E185 /* Sources */,
				8E5EB9D115964C3E00C4E185 /* Frameworks */,
				8E5EB9D215964C3E00C4E185 /* Resources */,
			);
			buildRules = (
			);
			dependencies = (
			);
			name = Candid;
			productName = Candid;
			productReference = 8E5EB9D415964C3E00C4E185 /* Candid.app */;
			productType = "com.apple.product-type.application";
		};
		8E5EB9F415964C3E00C4E185 /* CandidTests */ = {
			isa = PBXNativeTarget;
			buildConfigurationList = 8E5EBA0A15964C3E00C4E185 /* Build configuration list for PBXNativeTarget "CandidTests" */;
			buildPhases = (
				8E5EB9F015964C3E00C4E185 /* Sources */,
				8E5EB9F115964C3E00C4E185 /* Frameworks */,
				8E5EB9F215964C3E00C4E185 /* Resources */,
				8E5EB9F315964C3E00C4E185 /* ShellScript */,
			);
			buildRules = (
			);
			dependencies = (
				8E5EB9FB15964C3E00C4E185 /* PBXTargetDependency */,
			);
			name = CandidTests;
			productName = CandidTests;
			productReference = 8E5EB9F515964C3E00C4E185 /* CandidTests.octest */;
			productType = "com.apple.product-type.bundle";
		};
/* End PBXNativeTarget section */

/* Begin PBXProject section */
		8E5EB9CB15964C3D00C4E185 /* Project object */ = {
			isa = PBXProject;
			attributes = {
				LastUpgradeCheck = 0460;
				ORGANIZATIONNAME = "Amadou Crookes";
			};
			buildConfigurationList = 8E5EB9CE15964C3D00C4E185 /* Build configuration list for PBXProject "Candid" */;
			compatibilityVersion = "Xcode 3.2";
			developmentRegion = English;
			hasScannedForEncodings = 0;
			knownRegions = (
				en,
			);
			mainGroup = 8E5EB9C915964C3D00C4E185;
			productRefGroup = 8E5EB9D515964C3E00C4E185 /* Products */;
			projectDirPath = "";
			projectRoot = "";
			targets = (
				8E5EB9D315964C3E00C4E185 /* Candid */,
				8E5EB9F415964C3E00C4E185 /* CandidTests */,
			);
		};
/* End PBXProject section */

/* Begin PBXResourcesBuildPhase section */
		8E5EB9D215964C3E00C4E185 /* Resources */ = {
			isa = PBXResourcesBuildPhase;
			buildActionMask = 2147483647;
			files = (
				8E5EB9E315964C3E00C4E185 /* InfoPlist.strings in Resources */,
				8E5EB9EC15964C3E00C4E185 /* MainStoryboard1.storyboard in Resources */,
				8E2E897F15E991EA002D4DA1 /* FilmRoll.png in Resources */,
				8E2E898015E991EA002D4DA1 /* FilmRoll@2x.png in Resources */,
				8EF7AD6B1668725F00D08EF0 /* iPhone5Storyboard.storyboard in Resources */,
				8E9779E7168841D50045E60C /* flashOn@2x.png in Resources */,
				8E9779E8168841D50045E60C /* flashOff@2x.png in Resources */,
				8E9779E9168841D50045E60C /* flashOff.png in Resources */,
				8E9779EA168841D50045E60C /* flashOn.png in Resources */,
				8E8A5105168FECD400558B4D /* navBar@2x.png in Resources */,
				8E8A5106168FECD400558B4D /* navBar.png in Resources */,
				8E8DB646169BCA2C00181D62 /* background@2x.png in Resources */,
				8E8DB647169BCA2C00181D62 /* background.png in Resources */,
				8E1C0B05169F4FEF000369F0 /* cameraStart.png in Resources */,
				8E1C0B06169F4FEF000369F0 /* cameraStart@2x.png in Resources */,
				8E1C0B07169F4FEF000369F0 /* startButtonBackground.png in Resources */,
				8E1C0B08169F4FEF000369F0 /* startButtonBackground@2x.png in Resources */,
				8E1C0B09169F4FEF000369F0 /* cameraStop@2x.png in Resources */,
				8E1C0B0A169F4FEF000369F0 /* cameraStop.png in Resources */,
				8EA87656169FBF8B0004826F /* Default.png in Resources */,
				8EA87658169FBF8E0004826F /* Default@2x.png in Resources */,
				8EA8765A169FBF900004826F /* Default-568h@2x.png in Resources */,
				8EA87673169FD0730004826F /* saveButton.png in Resources */,
				8EA87674169FD0730004826F /* saveButton@2x.png in Resources */,
				8EABFEAA16A002790051C247 /* K-icon.png in Resources */,
				8EABFEAC16A0027B0051C247 /* K-icon@2x.png in Resources */,
				8E24D3B616A3EEE900572818 /* hideButton.png in Resources */,
				8E24D3B716A3EEE900572818 /* hideButton@2x.png in Resources */,
				8E8BFCF816A5115A00815331 /* leftButton@2x.png in Resources */,
				8E8BFCF916A5115A00815331 /* leftButton.png in Resources */,
				8E8BFCFA16A5115A00815331 /* rightButton@2x.png in Resources */,
				8E8BFCFB16A5115A00815331 /* rightButton.png in Resources */,
				8E3F641A16C2295600473343 /* README.md in Resources */,
				8E3F641B16C2295600473343 /* release_notes.md in Resources */,
				8ECEEEEC16C9690A009CC111 /* tutorialImage-1.png in Resources */,
				8EFD631316C988F5000D4B81 /* tutorialImage-0.png in Resources */,
			);
			runOnlyForDeploymentPostprocessing = 0;
		};
		8E5EB9F215964C3E00C4E185 /* Resources */ = {
			isa = PBXResourcesBuildPhase;
			buildActionMask = 2147483647;
			files = (
				8E5EBA0115964C3E00C4E185 /* InfoPlist.strings in Resources */,
			);
			runOnlyForDeploymentPostprocessing = 0;
		};
/* End PBXResourcesBuildPhase section */

/* Begin PBXShellScriptBuildPhase section */
		8E5EB9F315964C3E00C4E185 /* ShellScript */ = {
			isa = PBXShellScriptBuildPhase;
			buildActionMask = 2147483647;
			files = (
			);
			inputPaths = (
			);
			outputPaths = (
			);
			runOnlyForDeploymentPostprocessing = 0;
			shellPath = /bin/sh;
			shellScript = "# Run the unit tests in this test bundle.\n\"${SYSTEM_DEVELOPER_DIR}/Tools/RunUnitTests\"\n";
		};
/* End PBXShellScriptBuildPhase section */

/* Begin PBXSourcesBuildPhase section */
		8E5EB9D015964C3E00C4E185 /* Sources */ = {
			isa = PBXSourcesBuildPhase;
			buildActionMask = 2147483647;
			files = (
				8E595F39169E7AD90047C39B /* ALAssetsLibrary+CustomPhotoAlbum.m in Sources */,
				8E1FD712169D113E007ABB40 /* FSNData.m in Sources */,
				8E1FD711169D113B007ABB40 /* FSNConnection.m in Sources */,
				8E1FD710169D1135007ABB40 /* FSN_categories.m in Sources */,
				8E78AC0B169B948700E0EDF7 /* MTStatusBarOverlay.m in Sources */,
				8E75E44A169A0C4A006C9AD2 /* ImageCollectionCell.m in Sources */,
				8ECFE8EB15DB6A3400E86971 /* ImageCell.m in Sources */,
				8E5EB9E515964C3E00C4E185 /* main.m in Sources */,
				8E5EB9E915964C3E00C4E185 /* AppDelegate.m in Sources */,
				8E5EB9EF15964C3E00C4E185 /* ViewController.m in Sources */,
				8E9AC53415DCA4940085B344 /* ImageManager.m in Sources */,
				8E1CA78B1699419F00C32142 /* ImageSelectionViewController.m in Sources */,
				8E595F2B169E49850047C39B /* DatabaseManager.m in Sources */,
				8E3B1F6116A4DF8B004E7D24 /* KandidUtils.m in Sources */,
				8EDBA7DF16C8C08000180E40 /* TutorialViewController.m in Sources */,
			);
			runOnlyForDeploymentPostprocessing = 0;
		};
		8E5EB9F015964C3E00C4E185 /* Sources */ = {
			isa = PBXSourcesBuildPhase;
			buildActionMask = 2147483647;
			files = (
				8E2E897515E9902F002D4DA1 /* ImageManager.m in Sources */,
				8E2E897415E9902A002D4DA1 /* ViewController.m in Sources */,
				8E5EBA0415964C3E00C4E185 /* CandidTests.m in Sources */,
				8ECFE8EA15DB6A0D00E86971 /* ImageCell.m in Sources */,
				8E75E449169A0A16006C9AD2 /* ImageCollectionCell.m in Sources */,
				8E78AC09169B942500E0EDF7 /* MTStatusBarOverlay.m in Sources */,
				8E1FD70D169D0F44007ABB40 /* FSN_categories.m in Sources */,
				8E1FD70E169D0F44007ABB40 /* FSNConnection.m in Sources */,
				8E1FD70F169D0F44007ABB40 /* FSNData.m in Sources */,
				8E595F35169E75120047C39B /* ALAssetsLibrary+CustomPhotoAlbum.m in Sources */,
			);
			runOnlyForDeploymentPostprocessing = 0;
		};
/* End PBXSourcesBuildPhase section */

/* Begin PBXTargetDependency section */
		8E5EB9FB15964C3E00C4E185 /* PBXTargetDependency */ = {
			isa = PBXTargetDependency;
			target = 8E5EB9D315964C3E00C4E185 /* Candid */;
			targetProxy = 8E5EB9FA15964C3E00C4E185 /* PBXContainerItemProxy */;
		};
/* End PBXTargetDependency section */

/* Begin PBXVariantGroup section */
		8E5EB9E115964C3E00C4E185 /* InfoPlist.strings */ = {
			isa = PBXVariantGroup;
			children = (
				8E5EB9E215964C3E00C4E185 /* en */,
			);
			name = InfoPlist.strings;
			sourceTree = "<group>";
		};
		8E5EB9EA15964C3E00C4E185 /* MainStoryboard1.storyboard */ = {
			isa = PBXVariantGroup;
			children = (
				8E5EB9EB15964C3E00C4E185 /* en */,
			);
			name = MainStoryboard1.storyboard;
			sourceTree = "<group>";
		};
		8E5EB9FF15964C3E00C4E185 /* InfoPlist.strings */ = {
			isa = PBXVariantGroup;
			children = (
				8E5EBA0015964C3E00C4E185 /* en */,
			);
			name = InfoPlist.strings;
			sourceTree = "<group>";
		};
		8EF7AD691668725E00D08EF0 /* iPhone5Storyboard.storyboard */ = {
			isa = PBXVariantGroup;
			children = (
				8EF7AD6A1668725E00D08EF0 /* en */,
			);
			name = iPhone5Storyboard.storyboard;
			sourceTree = "<group>";
		};
/* End PBXVariantGroup section */

/* Begin XCBuildConfiguration section */
		8E5EBA0515964C3E00C4E185 /* Debug */ = {
			isa = XCBuildConfiguration;
			buildSettings = {
				ALWAYS_SEARCH_USER_PATHS = NO;
				ARCHS = "$(ARCHS_STANDARD_32_BIT)";
				CLANG_ENABLE_OBJC_ARC = YES;
				CLANG_WARN_CONSTANT_CONVERSION = YES;
				CLANG_WARN_ENUM_CONVERSION = YES;
				CLANG_WARN_INT_CONVERSION = YES;
				CLANG_WARN__DUPLICATE_METHOD_MATCH = YES;
				CODE_SIGN_IDENTITY = "iPhone Developer: Amadou Crookes (V23VPS752M)";
				"CODE_SIGN_IDENTITY[sdk=iphoneos*]" = "iPhone Developer: Amadou Crookes (V23VPS752M)";
				COPY_PHASE_STRIP = NO;
				GCC_C_LANGUAGE_STANDARD = gnu99;
				GCC_DYNAMIC_NO_PIC = NO;
				GCC_OPTIMIZATION_LEVEL = 0;
				GCC_PREPROCESSOR_DEFINITIONS = (
					"DEBUG=1",
					"$(inherited)",
				);
				GCC_SYMBOLS_PRIVATE_EXTERN = NO;
				GCC_VERSION = com.apple.compilers.llvm.clang.1_0;
				GCC_WARN_ABOUT_RETURN_TYPE = YES;
				GCC_WARN_UNINITIALIZED_AUTOS = YES;
				GCC_WARN_UNUSED_VARIABLE = YES;
				IPHONEOS_DEPLOYMENT_TARGET = 5.1;
				PROVISIONING_PROFILE = "91D75062-C6F8-4FE8-B914-BF37E06CB67A";
				"PROVISIONING_PROFILE[sdk=iphoneos*]" = "91D75062-C6F8-4FE8-B914-BF37E06CB67A";
				SDKROOT = iphoneos;
			};
			name = Debug;
		};
		8E5EBA0615964C3E00C4E185 /* Release */ = {
			isa = XCBuildConfiguration;
			buildSettings = {
				ALWAYS_SEARCH_USER_PATHS = NO;
				ARCHS = "$(ARCHS_STANDARD_32_BIT)";
				CLANG_ENABLE_OBJC_ARC = YES;
				CLANG_WARN_CONSTANT_CONVERSION = YES;
				CLANG_WARN_ENUM_CONVERSION = YES;
				CLANG_WARN_INT_CONVERSION = YES;
				CLANG_WARN__DUPLICATE_METHOD_MATCH = YES;
				CODE_SIGN_IDENTITY = "iPhone Developer: Amadou Crookes (V23VPS752M)";
				"CODE_SIGN_IDENTITY[sdk=iphoneos*]" = "iPhone Developer: Amadou Crookes (V23VPS752M)";
				COPY_PHASE_STRIP = YES;
				GCC_C_LANGUAGE_STANDARD = gnu99;
				GCC_VERSION = com.apple.compilers.llvm.clang.1_0;
				GCC_WARN_ABOUT_RETURN_TYPE = YES;
				GCC_WARN_UNINITIALIZED_AUTOS = YES;
				GCC_WARN_UNUSED_VARIABLE = YES;
				IPHONEOS_DEPLOYMENT_TARGET = 5.1;
				OTHER_CFLAGS = "-DNS_BLOCK_ASSERTIONS=1";
				PROVISIONING_PROFILE = "91D75062-C6F8-4FE8-B914-BF37E06CB67A";
				"PROVISIONING_PROFILE[sdk=iphoneos*]" = "91D75062-C6F8-4FE8-B914-BF37E06CB67A";
				SDKROOT = iphoneos;
				VALIDATE_PRODUCT = YES;
			};
			name = Release;
		};
		8E5EBA0815964C3E00C4E185 /* Debug */ = {
			isa = XCBuildConfiguration;
			buildSettings = {
				GCC_PRECOMPILE_PREFIX_HEADER = YES;
				GCC_PREFIX_HEADER = "Candid/Candid-Prefix.pch";
				INFOPLIST_FILE = "Candid/Candid-Info.plist";
				IPHONEOS_DEPLOYMENT_TARGET = 5.1;
				LIBRARY_SEARCH_PATHS = (
					"$(inherited)",
					"\"$(SRCROOT)/TestFlightSDK1-1\"",
					"\"$(SRCROOT)/TestFlightSDK1\"",
					"\"$(SRCROOT)/Candid/TestFlightSDK1\"",
				);
				OTHER_LDFLAGS = "-all_load";
				PRODUCT_NAME = "$(TARGET_NAME)";
				TARGETED_DEVICE_FAMILY = 1;
				WRAPPER_EXTENSION = app;
			};
			name = Debug;
		};
		8E5EBA0915964C3E00C4E185 /* Release */ = {
			isa = XCBuildConfiguration;
			buildSettings = {
				GCC_PRECOMPILE_PREFIX_HEADER = YES;
				GCC_PREFIX_HEADER = "Candid/Candid-Prefix.pch";
				INFOPLIST_FILE = "Candid/Candid-Info.plist";
				IPHONEOS_DEPLOYMENT_TARGET = 5.1;
				LIBRARY_SEARCH_PATHS = (
					"$(inherited)",
					"\"$(SRCROOT)/TestFlightSDK1-1\"",
					"\"$(SRCROOT)/TestFlightSDK1\"",
					"\"$(SRCROOT)/Candid/TestFlightSDK1\"",
				);
				OTHER_LDFLAGS = "-all_load";
				PRODUCT_NAME = "$(TARGET_NAME)";
				TARGETED_DEVICE_FAMILY = 1;
				WRAPPER_EXTENSION = app;
			};
			name = Release;
		};
		8E5EBA0B15964C3E00C4E185 /* Debug */ = {
			isa = XCBuildConfiguration;
			buildSettings = {
				BUNDLE_LOADER = "$(BUILT_PRODUCTS_DIR)/Candid.app/Candid";
				FRAMEWORK_SEARCH_PATHS = (
					"$(SDKROOT)/Developer/Library/Frameworks",
					"$(DEVELOPER_LIBRARY_DIR)/Frameworks",
				);
				GCC_PRECOMPILE_PREFIX_HEADER = YES;
				GCC_PREFIX_HEADER = "Candid/Candid-Prefix.pch";
				INFOPLIST_FILE = "CandidTests/CandidTests-Info.plist";
				PRODUCT_NAME = "$(TARGET_NAME)";
				TEST_HOST = "$(BUNDLE_LOADER)";
				WRAPPER_EXTENSION = octest;
			};
			name = Debug;
		};
		8E5EBA0C15964C3E00C4E185 /* Release */ = {
			isa = XCBuildConfiguration;
			buildSettings = {
				BUNDLE_LOADER = "$(BUILT_PRODUCTS_DIR)/Candid.app/Candid";
				FRAMEWORK_SEARCH_PATHS = (
					"$(SDKROOT)/Developer/Library/Frameworks",
					"$(DEVELOPER_LIBRARY_DIR)/Frameworks",
				);
				GCC_PRECOMPILE_PREFIX_HEADER = YES;
				GCC_PREFIX_HEADER = "Candid/Candid-Prefix.pch";
				INFOPLIST_FILE = "CandidTests/CandidTests-Info.plist";
				PRODUCT_NAME = "$(TARGET_NAME)";
				TEST_HOST = "$(BUNDLE_LOADER)";
				WRAPPER_EXTENSION = octest;
			};
			name = Release;
		};
/* End XCBuildConfiguration section */

/* Begin XCConfigurationList section */
		8E5EB9CE15964C3D00C4E185 /* Build configuration list for PBXProject "Candid" */ = {
			isa = XCConfigurationList;
			buildConfigurations = (
				8E5EBA0515964C3E00C4E185 /* Debug */,
				8E5EBA0615964C3E00C4E185 /* Release */,
			);
			defaultConfigurationIsVisible = 0;
			defaultConfigurationName = Release;
		};
		8E5EBA0715964C3E00C4E185 /* Build configuration list for PBXNativeTarget "Candid" */ = {
			isa = XCConfigurationList;
			buildConfigurations = (
				8E5EBA0815964C3E00C4E185 /* Debug */,
				8E5EBA0915964C3E00C4E185 /* Release */,
			);
			defaultConfigurationIsVisible = 0;
			defaultConfigurationName = Release;
		};
		8E5EBA0A15964C3E00C4E185 /* Build configuration list for PBXNativeTarget "CandidTests" */ = {
			isa = XCConfigurationList;
			buildConfigurations = (
				8E5EBA0B15964C3E00C4E185 /* Debug */,
				8E5EBA0C15964C3E00C4E185 /* Release */,
			);
			defaultConfigurationIsVisible = 0;
			defaultConfigurationName = Release;
		};
/* End XCConfigurationList section */
	};
	rootObject = 8E5EB9CB15964C3D00C4E185 /* Project object */;
}
